
Microsoft Visual Studio Solution File, Format Version 12.00
# Visual Studio Version 16
VisualStudioVersion = 16.0.29905.134
MinimumVisualStudioVersion = 10.0.40219.1
Project("{FAE04EC0-301F-11D3-BF4B-00C04F79EFBC}") = "Quiz3.Android", "Quiz3\Quiz3.Android\Quiz3.Android.csproj", "{FF945545-C327-45FF-B940-2B1A37671E40}"
EndProject
Project("{FAE04EC0-301F-11D3-BF4B-00C04F79EFBC}") = "Quiz3.iOS", "Quiz3\Quiz3.iOS\Quiz3.iOS.csproj", "{53E65950-F629-48BE-ABF5-F0D5FE67017B}"
EndProject
Project("{FAE04EC0-301F-11D3-BF4B-00C04F79EFBC}") = "Quiz3", "Quiz3\Quiz3\Quiz3.csproj", "{4BA5E64E-C03F-4C94-913F-0C958757FA83}"
EndProject
Global
	GlobalSection(SolutionConfigurationPlatforms) = preSolution
		Debug|Any CPU = Debug|Any CPU
		Debug|iPhone = Debug|iPhone
		Debug|iPhoneSimulator = Debug|iPhoneSimulator
		Release|Any CPU = Release|Any CPU
		Release|iPhone = Release|iPhone
		Release|iPhoneSimulator = Release|iPhoneSimulator
	EndGlobalSection
	GlobalSection(ProjectConfigurationPlatforms) = postSolution
		{FF945545-C327-45FF-B940-2B1A37671E40}.Debug|Any CPU.ActiveCfg = Debug|Any CPU
		{FF945545-C327-45FF-B940-2B1A37671E40}.Debug|Any CPU.Build.0 = Debug|Any CPU
		{FF945545-C327-45FF-B940-2B1A37671E40}.Debug|Any CPU.Deploy.0 = Debug|Any CPU
		{FF945545-C327-45FF-B940-2B1A37671E40}.Debug|iPhone.ActiveCfg = Debug|Any CPU
		{FF945545-C327-45FF-B940-2B1A37671E40}.Debug|iPhone.Build.0 = Debug|Any CPU
		{FF945545-C327-45FF-B940-2B1A37671E40}.Debug|iPhone.Deploy.0 = Debug|Any CPU
		{FF945545-C327-45FF-B940-2B1A37671E40}.Debug|iPhoneSimulator.ActiveCfg = Debug|Any CPU
		{FF945545-C327-45FF-B940-2B1A37671E40}.Debug|iPhoneSimulator.Build.0 = Debug|Any CPU
		{FF945545-C327-45FF-B940-2B1A37671E40}.Debug|iPhoneSimulator.Deploy.0 = Debug|Any CPU
		{FF945545-C327-45FF-B940-2B1A37671E40}.Release|Any CPU.ActiveCfg = Release|Any CPU
		{FF945545-C327-45FF-B940-2B1A37671E40}.Release|Any CPU.Build.0 = Release|Any CPU
		{FF945545-C327-45FF-B940-2B1A37671E40}.Release|Any CPU.Deploy.0 = Release|Any CPU
		{FF945545-C327-45FF-B940-2B1A37671E40}.Release|iPhone.ActiveCfg = Release|Any CPU
		{FF945545-C327-45FF-B940-2B1A37671E40}.Release|iPhone.Build.0 = Release|Any CPU
		{FF945545-C327-45FF-B940-2B1A37671E40}.Release|iPhone.Deploy.0 = Release|Any CPU
		{FF945545-C327-45FF-B940-2B1A37671E40}.Release|iPhoneSimulator.ActiveCfg = Release|Any CPU
		{FF945545-C327-45FF-B940-2B1A37671E40}.Release|iPhoneSimulator.Build.0 = Release|Any CPU
		{FF945545-C327-45FF-B940-2B1A37671E40}.Release|iPhoneSimulator.Deploy.0 = Release|Any CPU
		{53E65950-F629-48BE-ABF5-F0D5FE67017B}.Debug|Any CPU.ActiveCfg = Debug|iPhoneSimulator
		{53E65950-F629-48BE-ABF5-F0D5FE67017B}.Debug|Any CPU.Build.0 = Debug|iPhoneSimulator
		{53E65950-F629-48BE-ABF5-F0D5FE67017B}.Debug|Any CPU.Deploy.0 = Debug|iPhoneSimulator
		{53E65950-F629-48BE-ABF5-F0D5FE67017B}.Debug|iPhone.ActiveCfg = Debug|iPhone
		{53E65950-F629-48BE-ABF5-F0D5FE67017B}.Debug|iPhone.Build.0 = Debug|iPhone
		{53E65950-F629-48BE-ABF5-F0D5FE67017B}.Debug|iPhone.Deploy.0 = Debug|iPhone
		{53E65950-F629-48BE-ABF5-F0D5FE67017B}.Debug|iPhoneSimulator.ActiveCfg = Debug|iPhoneSimulator
		{53E65950-F629-48BE-ABF5-F0D5FE67017B}.Debug|iPhoneSimulator.Build.0 = Debug|iPhoneSimulator
		{53E65950-F629-48BE-ABF5-F0D5FE67017B}.Debug|iPhoneSimulator.Deploy.0 = Debug|iPhoneSimulator
		{53E65950-F629-48BE-ABF5-F0D5FE67017B}.Release|Any CPU.ActiveCfg = Release|iPhone
		{53E65950-F629-48BE-ABF5-F0D5FE67017B}.Release|Any CPU.Build.0 = Release|iPhone
		{53E65950-F629-48BE-ABF5-F0D5FE67017B}.Release|Any CPU.Deploy.0 = Release|iPhone
		{53E65950-F629-48BE-ABF5-F0D5FE67017B}.Release|iPhone.ActiveCfg = Release|iPhone
		{53E65950-F629-48BE-ABF5-F0D5FE67017B}.Release|iPhone.Build.0 = Release|iPhone
		{53E65950-F629-48BE-ABF5-F0D5FE67017B}.Release|iPhone.Deploy.0 = Release|iPhone
		{53E65950-F629-48BE-ABF5-F0D5FE67017B}.Release|iPhoneSimulator.ActiveCfg = Release|iPhoneSimulator
		{53E65950-F629-48BE-ABF5-F0D5FE67017B}.Release|iPhoneSimulator.Build.0 = Release|iPhoneSimulator
		{53E65950-F629-48BE-ABF5-F0D5FE67017B}.Release|iPhoneSimulator.Deploy.0 = Release|iPhoneSimulator
		{4BA5E64E-C03F-4C94-913F-0C958757FA83}.Debug|Any CPU.ActiveCfg = Debug|Any CPU
		{4BA5E64E-C03F-4C94-913F-0C958757FA83}.Debug|Any CPU.Build.0 = Debug|Any CPU
		{4BA5E64E-C03F-4C94-913F-0C958757FA83}.Debug|Any CPU.Deploy.0 = Debug|Any CPU
		{4BA5E64E-C03F-4C94-913F-0C958757FA83}.Debug|iPhone.ActiveCfg = Debug|Any CPU
		{4BA5E64E-C03F-4C94-913F-0C958757FA83}.Debug|iPhone.Build.0 = Debug|Any CPU
		{4BA5E64E-C03F-4C94-913F-0C958757FA83}.Debug|iPhone.Deploy.0 = Debug|Any CPU
		{4BA5E64E-C03F-4C94-913F-0C958757FA83}.Debug|iPhoneSimulator.ActiveCfg = Debug|Any CPU
		{4BA5E64E-C03F-4C94-913F-0C958757FA83}.Debug|iPhoneSimulator.Build.0 = Debug|Any CPU
		{4BA5E64E-C03F-4C94-913F-0C958757FA83}.Debug|iPhoneSimulator.Deploy.0 = Debug|Any CPU
		{4BA5E64E-C03F-4C94-913F-0C958757FA83}.Release|Any CPU.ActiveCfg = Release|Any CPU
		{4BA5E64E-C03F-4C94-913F-0C958757FA83}.Release|Any CPU.Build.0 = Release|Any CPU
		{4BA5E64E-C03F-4C94-913F-0C958757FA83}.Release|Any CPU.Deploy.0 = Release|Any CPU
		{4BA5E64E-C03F-4C94-913F-0C958757FA83}.Release|iPhone.ActiveCfg = Release|Any CPU
		{4BA5E64E-C03F-4C94-913F-0C958757FA83}.Release|iPhone.Build.0 = Release|Any CPU
		{4BA5E64E-C03F-4C94-913F-0C958757FA83}.Release|iPhone.Deploy.0 = Release|Any CPU
		{4BA5E64E-C03F-4C94-913F-0C958757FA83}.Release|iPhoneSimulator.ActiveCfg = Release|Any CPU
		{4BA5E64E-C03F-4C94-913F-0C958757FA83}.Release|iPhoneSimulator.Build.0 = Release|Any CPU
		{4BA5E64E-C03F-4C94-913F-0C958757FA83}.Release|iPhoneSimulator.Deploy.0 = Release|Any CPU
	EndGlobalSection
	GlobalSection(SolutionProperties) = preSolution
		HideSolutionNode = FALSE
	EndGlobalSection
	GlobalSection(ExtensibilityGlobals) = postSolution
		SolutionGuid = {C597324B-EAC6-40EC-A460-F83D6A331461}
	EndGlobalSection
EndGlobal
